// !$*UTF8*$!
{
	archiveVersion = 1;
	classes = {
	};
	objectVersion = 56;
	objects = {

/* Begin PBXBuildFile section */
		133F2D6A2965EE6300A2D774 /* AppDelegate.swift in Sources */ = {isa = PBXBuildFile; fileRef = 133F2D692965EE6300A2D774 /* AppDelegate.swift */; };
		133F2D6C2965EE6300A2D774 /* SceneDelegate.swift in Sources */ = {isa = PBXBuildFile; fileRef = 133F2D6B2965EE6300A2D774 /* SceneDelegate.swift */; };
		133F2D6E2965EE6300A2D774 /* BenefitListViewController.swift in Sources */ = {isa = PBXBuildFile; fileRef = 133F2D6D2965EE6300A2D774 /* BenefitListViewController.swift */; };
		133F2D732965EE6400A2D774 /* Assets.xcassets in Resources */ = {isa = PBXBuildFile; fileRef = 133F2D722965EE6400A2D774 /* Assets.xcassets */; };
		133F2D762965EE6400A2D774 /* LaunchScreen.storyboard in Resources */ = {isa = PBXBuildFile; fileRef = 133F2D742965EE6400A2D774 /* LaunchScreen.storyboard */; };
		133F2D852965F4F100A2D774 /* BaseViewController.swift in Sources */ = {isa = PBXBuildFile; fileRef = 133F2D842965F4F100A2D774 /* BaseViewController.swift */; };
		133F2D8829667A2E00A2D774 /* Benefit.swift in Sources */ = {isa = PBXBuildFile; fileRef = 133F2D8729667A2E00A2D774 /* Benefit.swift */; };
		133F2D8A29667A3600A2D774 /* MyPoint.swift in Sources */ = {isa = PBXBuildFile; fileRef = 133F2D8929667A3600A2D774 /* MyPoint.swift */; };
		133F2D8E296694B800A2D774 /* MyPointCell.swift in Sources */ = {isa = PBXBuildFile; fileRef = 133F2D8D296694B800A2D774 /* MyPointCell.swift */; };
		133F2D90296694E600A2D774 /* TodayBenefitCell.swift in Sources */ = {isa = PBXBuildFile; fileRef = 133F2D8F296694E600A2D774 /* TodayBenefitCell.swift */; };
		133F2D92296694F000A2D774 /* BenefitCell.swift in Sources */ = {isa = PBXBuildFile; fileRef = 133F2D91296694F000A2D774 /* BenefitCell.swift */; };
		133F2D942966A4E100A2D774 /* BaseCollectionViewCell.swift in Sources */ = {isa = PBXBuildFile; fileRef = 133F2D932966A4E100A2D774 /* BaseCollectionViewCell.swift */; };
		133F2D962966A9BE00A2D774 /* TodaySectionItem.swift in Sources */ = {isa = PBXBuildFile; fileRef = 133F2D952966A9BE00A2D774 /* TodaySectionItem.swift */; };
		13F1BE56296DA058008201B6 /* MyPointViewController.swift in Sources */ = {isa = PBXBuildFile; fileRef = 13F1BE55296DA058008201B6 /* MyPointViewController.swift */; };
		13F1BE59296DAB03008201B6 /* Preview.swift in Sources */ = {isa = PBXBuildFile; fileRef = 13F1BE58296DAB03008201B6 /* Preview.swift */; };
		13F1BE5B296FED5D008201B6 /* ButtonBenefitViewController.swift in Sources */ = {isa = PBXBuildFile; fileRef = 13F1BE5A296FED5D008201B6 /* ButtonBenefitViewController.swift */; };
		13F1BE5F296FEE09008201B6 /* BenefitDetails.swift in Sources */ = {isa = PBXBuildFile; fileRef = 13F1BE5E296FEE09008201B6 /* BenefitDetails.swift */; };
		13F1BE6229706E1A008201B6 /* SnapKit in Frameworks */ = {isa = PBXBuildFile; productRef = 13F1BE6129706E1A008201B6 /* SnapKit */; };
		13F1BE6529706E25008201B6 /* Then in Frameworks */ = {isa = PBXBuildFile; productRef = 13F1BE6429706E25008201B6 /* Then */; };
		13F1BE67297100AE008201B6 /* BenefitGuideView.swift in Sources */ = {isa = PBXBuildFile; fileRef = 13F1BE66297100AE008201B6 /* BenefitGuideView.swift */; };
		13F1BE6A29717E64008201B6 /* BenefitListViewModel.swift in Sources */ = {isa = PBXBuildFile; fileRef = 13F1BE6929717E64008201B6 /* BenefitListViewModel.swift */; };
		13F1BE6E297187A8008201B6 /* MyPointViewModel.swift in Sources */ = {isa = PBXBuildFile; fileRef = 13F1BE6D297187A8008201B6 /* MyPointViewModel.swift */; };
		13F1BE732971A292008201B6 /* ButtonBenefitViewModel.swift in Sources */ = {isa = PBXBuildFile; fileRef = 13F1BE722971A292008201B6 /* ButtonBenefitViewModel.swift */; };
/* End PBXBuildFile section */

/* Begin PBXFileReference section */
		133F2D662965EE6300A2D774 /* TossBenefitTab.app */ = {isa = PBXFileReference; explicitFileType = wrapper.application; includeInIndex = 0; path = TossBenefitTab.app; sourceTree = BUILT_PRODUCTS_DIR; };
		133F2D692965EE6300A2D774 /* AppDelegate.swift */ = {isa = PBXFileReference; lastKnownFileType = sourcecode.swift; path = AppDelegate.swift; sourceTree = "<group>"; };
		133F2D6B2965EE6300A2D774 /* SceneDelegate.swift */ = {isa = PBXFileReference; lastKnownFileType = sourcecode.swift; path = SceneDelegate.swift; sourceTree = "<group>"; };
		133F2D6D2965EE6300A2D774 /* BenefitListViewController.swift */ = {isa = PBXFileReference; lastKnownFileType = sourcecode.swift; path = BenefitListViewController.swift; sourceTree = "<group>"; };
		133F2D722965EE6400A2D774 /* Assets.xcassets */ = {isa = PBXFileReference; lastKnownFileType = folder.assetcatalog; path = Assets.xcassets; sourceTree = "<group>"; };
		133F2D752965EE6400A2D774 /* Base */ = {isa = PBXFileReference; lastKnownFileType = file.storyboard; name = Base; path = Base.lproj/LaunchScreen.storyboard; sourceTree = "<group>"; };
		133F2D772965EE6400A2D774 /* Info.plist */ = {isa = PBXFileReference; lastKnownFileType = text.plist.xml; path = Info.plist; sourceTree = "<group>"; };
		133F2D842965F4F100A2D774 /* BaseViewController.swift */ = {isa = PBXFileReference; lastKnownFileType = sourcecode.swift; path = BaseViewController.swift; sourceTree = "<group>"; };
		133F2D8729667A2E00A2D774 /* Benefit.swift */ = {isa = PBXFileReference; lastKnownFileType = sourcecode.swift; path = Benefit.swift; sourceTree = "<group>"; };
		133F2D8929667A3600A2D774 /* MyPoint.swift */ = {isa = PBXFileReference; lastKnownFileType = sourcecode.swift; path = MyPoint.swift; sourceTree = "<group>"; };
		133F2D8D296694B800A2D774 /* MyPointCell.swift */ = {isa = PBXFileReference; lastKnownFileType = sourcecode.swift; path = MyPointCell.swift; sourceTree = "<group>"; };
		133F2D8F296694E600A2D774 /* TodayBenefitCell.swift */ = {isa = PBXFileReference; lastKnownFileType = sourcecode.swift; path = TodayBenefitCell.swift; sourceTree = "<group>"; };
		133F2D91296694F000A2D774 /* BenefitCell.swift */ = {isa = PBXFileReference; lastKnownFileType = sourcecode.swift; path = BenefitCell.swift; sourceTree = "<group>"; };
		133F2D932966A4E100A2D774 /* BaseCollectionViewCell.swift */ = {isa = PBXFileReference; lastKnownFileType = sourcecode.swift; path = BaseCollectionViewCell.swift; sourceTree = "<group>"; };
		133F2D952966A9BE00A2D774 /* TodaySectionItem.swift */ = {isa = PBXFileReference; lastKnownFileType = sourcecode.swift; path = TodaySectionItem.swift; sourceTree = "<group>"; };
		13F1BE55296DA058008201B6 /* MyPointViewController.swift */ = {isa = PBXFileReference; lastKnownFileType = sourcecode.swift; path = MyPointViewController.swift; sourceTree = "<group>"; };
		13F1BE58296DAB03008201B6 /* Preview.swift */ = {isa = PBXFileReference; lastKnownFileType = sourcecode.swift; path = Preview.swift; sourceTree = "<group>"; };
		13F1BE5A296FED5D008201B6 /* ButtonBenefitViewController.swift */ = {isa = PBXFileReference; lastKnownFileType = sourcecode.swift; path = ButtonBenefitViewController.swift; sourceTree = "<group>"; };
		13F1BE5E296FEE09008201B6 /* BenefitDetails.swift */ = {isa = PBXFileReference; lastKnownFileType = sourcecode.swift; path = BenefitDetails.swift; sourceTree = "<group>"; };
		13F1BE66297100AE008201B6 /* BenefitGuideView.swift */ = {isa = PBXFileReference; lastKnownFileType = sourcecode.swift; path = BenefitGuideView.swift; sourceTree = "<group>"; };
		13F1BE6929717E64008201B6 /* BenefitListViewModel.swift */ = {isa = PBXFileReference; lastKnownFileType = sourcecode.swift; path = BenefitListViewModel.swift; sourceTree = "<group>"; };
		13F1BE6D297187A8008201B6 /* MyPointViewModel.swift */ = {isa = PBXFileReference; lastKnownFileType = sourcecode.swift; path = MyPointViewModel.swift; sourceTree = "<group>"; };
		13F1BE722971A292008201B6 /* ButtonBenefitViewModel.swift */ = {isa = PBXFileReference; lastKnownFileType = sourcecode.swift; path = ButtonBenefitViewModel.swift; sourceTree = "<group>"; };
/* End PBXFileReference section */

/* Begin PBXFrameworksBuildPhase section */
		133F2D632965EE6300A2D774 /* Frameworks */ = {
			isa = PBXFrameworksBuildPhase;
			buildActionMask = 2147483647;
			files = (
				13F1BE6229706E1A008201B6 /* SnapKit in Frameworks */,
				13F1BE6529706E25008201B6 /* Then in Frameworks */,
			);
			runOnlyForDeploymentPostprocessing = 0;
		};
/* End PBXFrameworksBuildPhase section */

/* Begin PBXGroup section */
		133F2D5D2965EE6300A2D774 = {
			isa = PBXGroup;
			children = (
				133F2D682965EE6300A2D774 /* TossBenefitTab */,
				133F2D672965EE6300A2D774 /* Products */,
			);
			sourceTree = "<group>";
		};
		133F2D672965EE6300A2D774 /* Products */ = {
			isa = PBXGroup;
			children = (
				133F2D662965EE6300A2D774 /* TossBenefitTab.app */,
			);
			name = Products;
			sourceTree = "<group>";
		};
		133F2D682965EE6300A2D774 /* TossBenefitTab */ = {
			isa = PBXGroup;
			children = (
				13F1BE6F29719E3B008201B6 /* Home */,
				13F1BE7129719E74008201B6 /* Benefit */,
				13F1BE7029719E6E008201B6 /* MyPoint */,
				133F2D8629667A1B00A2D774 /* Model */,
				133F2D832965F4DF00A2D774 /* Base */,
				13F1BE57296DAAF5008201B6 /* Extensions */,
				133F2D722965EE6400A2D774 /* Assets.xcassets */,
				133F2D772965EE6400A2D774 /* Info.plist */,
				133F2D742965EE6400A2D774 /* LaunchScreen.storyboard */,
			);
			path = TossBenefitTab;
			sourceTree = "<group>";
		};
		133F2D832965F4DF00A2D774 /* Base */ = {
			isa = PBXGroup;
			children = (
				133F2D692965EE6300A2D774 /* AppDelegate.swift */,
				133F2D6B2965EE6300A2D774 /* SceneDelegate.swift */,
				133F2D842965F4F100A2D774 /* BaseViewController.swift */,
				133F2D932966A4E100A2D774 /* BaseCollectionViewCell.swift */,
			);
			path = Base;
			sourceTree = "<group>";
		};
		133F2D8629667A1B00A2D774 /* Model */ = {
			isa = PBXGroup;
			children = (
				133F2D8729667A2E00A2D774 /* Benefit.swift */,
				133F2D8929667A3600A2D774 /* MyPoint.swift */,
				133F2D952966A9BE00A2D774 /* TodaySectionItem.swift */,
				13F1BE5E296FEE09008201B6 /* BenefitDetails.swift */,
			);
			path = Model;
			sourceTree = "<group>";
		};
		133F2D8C2966948600A2D774 /* Cells */ = {
			isa = PBXGroup;
			children = (
				133F2D8D296694B800A2D774 /* MyPointCell.swift */,
				133F2D8F296694E600A2D774 /* TodayBenefitCell.swift */,
				133F2D91296694F000A2D774 /* BenefitCell.swift */,
			);
			path = Cells;
			sourceTree = "<group>";
		};
		13F1BE57296DAAF5008201B6 /* Extensions */ = {
			isa = PBXGroup;
			children = (
				13F1BE58296DAB03008201B6 /* Preview.swift */,
			);
			path = Extensions;
			sourceTree = "<group>";
		};
		13F1BE6F29719E3B008201B6 /* Home */ = {
			isa = PBXGroup;
			children = (
				133F2D6D2965EE6300A2D774 /* BenefitListViewController.swift */,
				13F1BE6929717E64008201B6 /* BenefitListViewModel.swift */,
				133F2D8C2966948600A2D774 /* Cells */,
			);
			path = Home;
			sourceTree = "<group>";
		};
		13F1BE7029719E6E008201B6 /* MyPoint */ = {
			isa = PBXGroup;
			children = (
				13F1BE55296DA058008201B6 /* MyPointViewController.swift */,
				13F1BE6D297187A8008201B6 /* MyPointViewModel.swift */,
			);
			path = MyPoint;
			sourceTree = "<group>";
		};
		13F1BE7129719E74008201B6 /* Benefit */ = {
			isa = PBXGroup;
			children = (
				13F1BE5A296FED5D008201B6 /* ButtonBenefitViewController.swift */,
				13F1BE66297100AE008201B6 /* BenefitGuideView.swift */,
				13F1BE722971A292008201B6 /* ButtonBenefitViewModel.swift */,
			);
			path = Benefit;
			sourceTree = "<group>";
		};
/* End PBXGroup section */

/* Begin PBXNativeTarget section */
		133F2D652965EE6300A2D774 /* TossBenefitTab */ = {
			isa = PBXNativeTarget;
			buildConfigurationList = 133F2D7A2965EE6400A2D774 /* Build configuration list for PBXNativeTarget "TossBenefitTab" */;
			buildPhases = (
				133F2D622965EE6300A2D774 /* Sources */,
				133F2D632965EE6300A2D774 /* Frameworks */,
				133F2D642965EE6300A2D774 /* Resources */,
			);
			buildRules = (
			);
			dependencies = (
			);
			name = TossBenefitTab;
			packageProductDependencies = (
				13F1BE6129706E1A008201B6 /* SnapKit */,
				13F1BE6429706E25008201B6 /* Then */,
			);
			productName = TossBenefitTab;
			productReference = 133F2D662965EE6300A2D774 /* TossBenefitTab.app */;
			productType = "com.apple.product-type.application";
		};
/* End PBXNativeTarget section */

/* Begin PBXProject section */
		133F2D5E2965EE6300A2D774 /* Project object */ = {
			isa = PBXProject;
			attributes = {
				BuildIndependentTargetsInParallel = 1;
				LastSwiftUpdateCheck = 1420;
				LastUpgradeCheck = 1420;
				TargetAttributes = {
					133F2D652965EE6300A2D774 = {
						CreatedOnToolsVersion = 14.2;
					};
				};
			};
			buildConfigurationList = 133F2D612965EE6300A2D774 /* Build configuration list for PBXProject "TossBenefitTab" */;
			compatibilityVersion = "Xcode 14.0";
			developmentRegion = en;
			hasScannedForEncodings = 0;
			knownRegions = (
				en,
				Base,
			);
			mainGroup = 133F2D5D2965EE6300A2D774;
			packageReferences = (
				13F1BE6029706E1A008201B6 /* XCRemoteSwiftPackageReference "SnapKit" */,
				13F1BE6329706E25008201B6 /* XCRemoteSwiftPackageReference "Then" */,
			);
			productRefGroup = 133F2D672965EE6300A2D774 /* Products */;
			projectDirPath = "";
			projectRoot = "";
			targets = (
				133F2D652965EE6300A2D774 /* TossBenefitTab */,
			);
		};
/* End PBXProject section */

/* Begin PBXResourcesBuildPhase section */
		133F2D642965EE6300A2D774 /* Resources */ = {
			isa = PBXResourcesBuildPhase;
			buildActionMask = 2147483647;
			files = (
				133F2D762965EE6400A2D774 /* LaunchScreen.storyboard in Resources */,
				133F2D732965EE6400A2D774 /* Assets.xcassets in Resources */,
			);
			runOnlyForDeploymentPostprocessing = 0;
		};
/* End PBXResourcesBuildPhase section */

/* Begin PBXSourcesBuildPhase section */
		133F2D622965EE6300A2D774 /* Sources */ = {
			isa = PBXSourcesBuildPhase;
			buildActionMask = 2147483647;
			files = (
				133F2D6E2965EE6300A2D774 /* BenefitListViewController.swift in Sources */,
				133F2D852965F4F100A2D774 /* BaseViewController.swift in Sources */,
				133F2D8A29667A3600A2D774 /* MyPoint.swift in Sources */,
				133F2D6A2965EE6300A2D774 /* AppDelegate.swift in Sources */,
				13F1BE6A29717E64008201B6 /* BenefitListViewModel.swift in Sources */,
				133F2D8829667A2E00A2D774 /* Benefit.swift in Sources */,
				133F2D942966A4E100A2D774 /* BaseCollectionViewCell.swift in Sources */,
				13F1BE732971A292008201B6 /* ButtonBenefitViewModel.swift in Sources */,
				133F2D8E296694B800A2D774 /* MyPointCell.swift in Sources */,
				13F1BE67297100AE008201B6 /* BenefitGuideView.swift in Sources */,
				13F1BE59296DAB03008201B6 /* Preview.swift in Sources */,
				13F1BE5B296FED5D008201B6 /* ButtonBenefitViewController.swift in Sources */,
				133F2D6C2965EE6300A2D774 /* SceneDelegate.swift in Sources */,
				13F1BE5F296FEE09008201B6 /* BenefitDetails.swift in Sources */,
				13F1BE6E297187A8008201B6 /* MyPointViewModel.swift in Sources */,
				133F2D962966A9BE00A2D774 /* TodaySectionItem.swift in Sources */,
				13F1BE56296DA058008201B6 /* MyPointViewController.swift in Sources */,
				133F2D92296694F000A2D774 /* BenefitCell.swift in Sources */,
				133F2D90296694E600A2D774 /* TodayBenefitCell.swift in Sources */,
			);
			runOnlyForDeploymentPostprocessing = 0;
		};
/* End PBXSourcesBuildPhase section */

/* Begin PBXVariantGroup section */
		133F2D742965EE6400A2D774 /* LaunchScreen.storyboard */ = {
			isa = PBXVariantGroup;
			children = (
				133F2D752965EE6400A2D774 /* Base */,
			);
			name = LaunchScreen.storyboard;
			sourceTree = "<group>";
		};
/* End PBXVariantGroup section */

/* Begin XCBuildConfiguration section */
		133F2D782965EE6400A2D774 /* Debug */ = {
			isa = XCBuildConfiguration;
			buildSettings = {
				ALWAYS_SEARCH_USER_PATHS = NO;
				CLANG_ANALYZER_NONNULL = YES;
				CLANG_ANALYZER_NUMBER_OBJECT_CONVERSION = YES_AGGRESSIVE;
				CLANG_CXX_LANGUAGE_STANDARD = "gnu++20";
				CLANG_ENABLE_MODULES = YES;
				CLANG_ENABLE_OBJC_ARC = YES;
				CLANG_ENABLE_OBJC_WEAK = YES;
				CLANG_WARN_BLOCK_CAPTURE_AUTORELEASING = YES;
				CLANG_WARN_BOOL_CONVERSION = YES;
				CLANG_WARN_COMMA = YES;
				CLANG_WARN_CONSTANT_CONVERSION = YES;
				CLANG_WARN_DEPRECATED_OBJC_IMPLEMENTATIONS = YES;
				CLANG_WARN_DIRECT_OBJC_ISA_USAGE = YES_ERROR;
				CLANG_WARN_DOCUMENTATION_COMMENTS = YES;
				CLANG_WARN_EMPTY_BODY = YES;
				CLANG_WARN_ENUM_CONVERSION = YES;
				CLANG_WARN_INFINITE_RECURSION = YES;
				CLANG_WARN_INT_CONVERSION = YES;
				CLANG_WARN_NON_LITERAL_NULL_CONVERSION = YES;
				CLANG_WARN_OBJC_IMPLICIT_RETAIN_SELF = YES;
				CLANG_WARN_OBJC_LITERAL_CONVERSION = YES;
				CLANG_WARN_OBJC_ROOT_CLASS = YES_ERROR;
				CLANG_WARN_QUOTED_INCLUDE_IN_FRAMEWORK_HEADER = YES;
				CLANG_WARN_RANGE_LOOP_ANALYSIS = YES;
				CLANG_WARN_STRICT_PROTOTYPES = YES;
				CLANG_WARN_SUSPICIOUS_MOVE = YES;
				CLANG_WARN_UNGUARDED_AVAILABILITY = YES_AGGRESSIVE;
				CLANG_WARN_UNREACHABLE_CODE = YES;
				CLANG_WARN__DUPLICATE_METHOD_MATCH = YES;
				COPY_PHASE_STRIP = NO;
				DEBUG_INFORMATION_FORMAT = dwarf;
				ENABLE_STRICT_OBJC_MSGSEND = YES;
				ENABLE_TESTABILITY = YES;
				GCC_C_LANGUAGE_STANDARD = gnu11;
				GCC_DYNAMIC_NO_PIC = NO;
				GCC_NO_COMMON_BLOCKS = YES;
				GCC_OPTIMIZATION_LEVEL = 0;
				GCC_PREPROCESSOR_DEFINITIONS = (
					"DEBUG=1",
					"$(inherited)",
				);
				GCC_WARN_64_TO_32_BIT_CONVERSION = YES;
				GCC_WARN_ABOUT_RETURN_TYPE = YES_ERROR;
				GCC_WARN_UNDECLARED_SELECTOR = YES;
				GCC_WARN_UNINITIALIZED_AUTOS = YES_AGGRESSIVE;
				GCC_WARN_UNUSED_FUNCTION = YES;
				GCC_WARN_UNUSED_VARIABLE = YES;
				IPHONEOS_DEPLOYMENT_TARGET = 16.2;
				MTL_ENABLE_DEBUG_INFO = INCLUDE_SOURCE;
				MTL_FAST_MATH = YES;
				ONLY_ACTIVE_ARCH = YES;
				SDKROOT = iphoneos;
				SWIFT_ACTIVE_COMPILATION_CONDITIONS = DEBUG;
				SWIFT_OPTIMIZATION_LEVEL = "-Onone";
			};
			name = Debug;
		};
		133F2D792965EE6400A2D774 /* Release */ = {
			isa = XCBuildConfiguration;
			buildSettings = {
				ALWAYS_SEARCH_USER_PATHS = NO;
				CLANG_ANALYZER_NONNULL = YES;
				CLANG_ANALYZER_NUMBER_OBJECT_CONVERSION = YES_AGGRESSIVE;
				CLANG_CXX_LANGUAGE_STANDARD = "gnu++20";
				CLANG_ENABLE_MODULES = YES;
				CLANG_ENABLE_OBJC_ARC = YES;
				CLANG_ENABLE_OBJC_WEAK = YES;
				CLANG_WARN_BLOCK_CAPTURE_AUTORELEASING = YES;
				CLANG_WARN_BOOL_CONVERSION = YES;
				CLANG_WARN_COMMA = YES;
				CLANG_WARN_CONSTANT_CONVERSION = YES;
				CLANG_WARN_DEPRECATED_OBJC_IMPLEMENTATIONS = YES;
				CLANG_WARN_DIRECT_OBJC_ISA_USAGE = YES_ERROR;
				CLANG_WARN_DOCUMENTATION_COMMENTS = YES;
				CLANG_WARN_EMPTY_BODY = YES;
				CLANG_WARN_ENUM_CONVERSION = YES;
				CLANG_WARN_INFINITE_RECURSION = YES;
				CLANG_WARN_INT_CONVERSION = YES;
				CLANG_WARN_NON_LITERAL_NULL_CONVERSION = YES;
				CLANG_WARN_OBJC_IMPLICIT_RETAIN_SELF = YES;
				CLANG_WARN_OBJC_LITERAL_CONVERSION = YES;
				CLANG_WARN_OBJC_ROOT_CLASS = YES_ERROR;
				CLANG_WARN_QUOTED_INCLUDE_IN_FRAMEWORK_HEADER = YES;
				CLANG_WARN_RANGE_LOOP_ANALYSIS = YES;
				CLANG_WARN_STRICT_PROTOTYPES = YES;
				CLANG_WARN_SUSPICIOUS_MOVE = YES;
				CLANG_WARN_UNGUARDED_AVAILABILITY = YES_AGGRESSIVE;
				CLANG_WARN_UNREACHABLE_CODE = YES;
				CLANG_WARN__DUPLICATE_METHOD_MATCH = YES;
				COPY_PHASE_STRIP = NO;
				DEBUG_INFORMATION_FORMAT = "dwarf-with-dsym";
				ENABLE_NS_ASSERTIONS = NO;
				ENABLE_STRICT_OBJC_MSGSEND = YES;
				GCC_C_LANGUAGE_STANDARD = gnu11;
				GCC_NO_COMMON_BLOCKS = YES;
				GCC_WARN_64_TO_32_BIT_CONVERSION = YES;
				GCC_WARN_ABOUT_RETURN_TYPE = YES_ERROR;
				GCC_WARN_UNDECLARED_SELECTOR = YES;
				GCC_WARN_UNINITIALIZED_AUTOS = YES_AGGRESSIVE;
				GCC_WARN_UNUSED_FUNCTION = YES;
				GCC_WARN_UNUSED_VARIABLE = YES;
				IPHONEOS_DEPLOYMENT_TARGET = 16.2;
				MTL_ENABLE_DEBUG_INFO = NO;
				MTL_FAST_MATH = YES;
				SDKROOT = iphoneos;
				SWIFT_COMPILATION_MODE = wholemodule;
				SWIFT_OPTIMIZATION_LEVEL = "-O";
				VALIDATE_PRODUCT = YES;
			};
			name = Release;
		};
		133F2D7B2965EE6400A2D774 /* Debug */ = {
			isa = XCBuildConfiguration;
			buildSettings = {
				ASSETCATALOG_COMPILER_APPICON_NAME = AppIcon;
				ASSETCATALOG_COMPILER_GLOBAL_ACCENT_COLOR_NAME = AccentColor;
				CODE_SIGN_STYLE = Automatic;
				CURRENT_PROJECT_VERSION = 1;
				DEVELOPMENT_TEAM = BH624LXP8S;
				GENERATE_INFOPLIST_FILE = YES;
				INFOPLIST_FILE = TossBenefitTab/Info.plist;
				INFOPLIST_KEY_UIApplicationSupportsIndirectInputEvents = YES;
				INFOPLIST_KEY_UILaunchStoryboardName = LaunchScreen;
				INFOPLIST_KEY_UISupportedInterfaceOrientations_iPad = "UIInterfaceOrientationPortrait UIInterfaceOrientationPortraitUpsideDown UIInterfaceOrientationLandscapeLeft UIInterfaceOrientationLandscapeRight";
				INFOPLIST_KEY_UISupportedInterfaceOrientations_iPhone = "UIInterfaceOrientationPortrait UIInterfaceOrientationLandscapeLeft UIInterfaceOrientationLandscapeRight";
				LD_RUNPATH_SEARCH_PATHS = (
					"$(inherited)",
					"@executable_path/Frameworks",
				);
				MARKETING_VERSION = 1.0;
				PRODUCT_BUNDLE_IDENTIFIER = com.seokhyun.TossBenefitTab;
				PRODUCT_NAME = "$(TARGET_NAME)";
				SWIFT_EMIT_LOC_STRINGS = YES;
				SWIFT_VERSION = 5.0;
				TARGETED_DEVICE_FAMILY = "1,2";
			};
			name = Debug;
		};
		133F2D7C2965EE6400A2D774 /* Release */ = {
			isa = XCBuildConfiguration;
			buildSettings = {
				ASSETCATALOG_COMPILER_APPICON_NAME = AppIcon;
				ASSETCATALOG_COMPILER_GLOBAL_ACCENT_COLOR_NAME = AccentColor;
				CODE_SIGN_STYLE = Automatic;
				CURRENT_PROJECT_VERSION = 1;
				DEVELOPMENT_TEAM = BH624LXP8S;
				GENERATE_INFOPLIST_FILE = YES;
				INFOPLIST_FILE = TossBenefitTab/Info.plist;
				INFOPLIST_KEY_UIApplicationSupportsIndirectInputEvents = YES;
				INFOPLIST_KEY_UILaunchStoryboardName = LaunchScreen;
				INFOPLIST_KEY_UISupportedInterfaceOrientations_iPad = "UIInterfaceOrientationPortrait UIInterfaceOrientationPortraitUpsideDown UIInterfaceOrientationLandscapeLeft UIInterfaceOrientationLandscapeRight";
				INFOPLIST_KEY_UISupportedInterfaceOrientations_iPhone = "UIInterfaceOrientationPortrait UIInterfaceOrientationLandscapeLeft UIInterfaceOrientationLandscapeRight";
				LD_RUNPATH_SEARCH_PATHS = (
					"$(inherited)",
					"@executable_path/Frameworks",
				);
				MARKETING_VERSION = 1.0;
				PRODUCT_BUNDLE_IDENTIFIER = com.seokhyun.TossBenefitTab;
				PRODUCT_NAME = "$(TARGET_NAME)";
				SWIFT_EMIT_LOC_STRINGS = YES;
				SWIFT_VERSION = 5.0;
				TARGETED_DEVICE_FAMILY = "1,2";
			};
			name = Release;
		};
/* End XCBuildConfiguration section */

/* Begin XCConfigurationList section */
		133F2D612965EE6300A2D774 /* Build configuration list for PBXProject "TossBenefitTab" */ = {
			isa = XCConfigurationList;
			buildConfigurations = (
				133F2D782965EE6400A2D774 /* Debug */,
				133F2D792965EE6400A2D774 /* Release */,
			);
			defaultConfigurationIsVisible = 0;
			defaultConfigurationName = Release;
		};
		133F2D7A2965EE6400A2D774 /* Build configuration list for PBXNativeTarget "TossBenefitTab" */ = {
			isa = XCConfigurationList;
			buildConfigurations = (
				133F2D7B2965EE6400A2D774 /* Debug */,
				133F2D7C2965EE6400A2D774 /* Release */,
			);
			defaultConfigurationIsVisible = 0;
			defaultConfigurationName = Release;
		};
/* End XCConfigurationList section */

/* Begin XCRemoteSwiftPackageReference section */
		13F1BE6029706E1A008201B6 /* XCRemoteSwiftPackageReference "SnapKit" */ = {
			isa = XCRemoteSwiftPackageReference;
			repositoryURL = "https://github.com/SnapKit/SnapKit";
			requirement = {
				kind = upToNextMinorVersion;
				minimumVersion = 5.6.0;
			};
		};
		13F1BE6329706E25008201B6 /* XCRemoteSwiftPackageReference "Then" */ = {
			isa = XCRemoteSwiftPackageReference;
			repositoryURL = "https://github.com/devxoul/Then";
			requirement = {
				kind = upToNextMinorVersion;
				minimumVersion = 3.0.0;
			};
		};
/* End XCRemoteSwiftPackageReference section */

/* Begin XCSwiftPackageProductDependency section */
		13F1BE6129706E1A008201B6 /* SnapKit */ = {
			isa = XCSwiftPackageProductDependency;
			package = 13F1BE6029706E1A008201B6 /* XCRemoteSwiftPackageReference "SnapKit" */;
			productName = SnapKit;
		};
		13F1BE6429706E25008201B6 /* Then */ = {
			isa = XCSwiftPackageProductDependency;
			package = 13F1BE6329706E25008201B6 /* XCRemoteSwiftPackageReference "Then" */;
			productName = Then;
		};
/* End XCSwiftPackageProductDependency section */
	};
	rootObject = 133F2D5E2965EE6300A2D774 /* Project object */;
}
